{
  "requires": true,
  "lockfileVersion": 1,
  "dependencies": {
    "sass-google-fonts": {
      "version": "1.0.1",
      "resolved": "https://registry.npmjs.org/sass-google-fonts/-/sass-google-fonts-1.0.1.tgz",
      "integrity": "sha512-K4T1V2OAbVRptC6qvp+6+nEybZ2r5oIsSuANF0sIJBtALpdqMC2Adu01Qfmf8gSO3keVStZEQGdRI6GC4FH5ig=="
    }
  }
}
